
Microsoft Visual Studio Solution File, Format Version 12.00
# Visual Studio 15
Project("{FAE04EC0-301F-11D3-BF4B-00C04F79EFBC}") = "slGame", "Assembly-CSharp.csproj", "{FFEFCD6A-4C37-C7F5-4939-2FD5388E07F3}"
EndProject
Project("{FAE04EC0-301F-11D3-BF4B-00C04F79EFBC}") = "slGame", "Assembly-CSharp-firstpass.csproj", "{09F2F6CB-AB6A-F435-9583-6FA51CFB7567}"
EndProject
Project("{FAE04EC0-301F-11D3-BF4B-00C04F79EFBC}") = "slGame", "Assembly-CSharp-Editor.csproj", "{7CCE7EB6-B65A-8C59-EB2A-0E9226A20E9E}"
EndProject
Global
	GlobalSection(SolutionConfigurationPlatforms) = preSolution
		Debug|Any CPU = Debug|Any CPU
		Release|Any CPU = Release|Any CPU
	EndGlobalSection
	GlobalSection(ProjectConfigurationPlatforms) = postSolution
		{FFEFCD6A-4C37-C7F5-4939-2FD5388E07F3}.Debug|Any CPU.ActiveCfg = Debug|Any CPU
		{FFEFCD6A-4C37-C7F5-4939-2FD5388E07F3}.Debug|Any CPU.Build.0 = Debug|Any CPU
		{FFEFCD6A-4C37-C7F5-4939-2FD5388E07F3}.Release|Any CPU.ActiveCfg = Release|Any CPU
		{FFEFCD6A-4C37-C7F5-4939-2FD5388E07F3}.Release|Any CPU.Build.0 = Release|Any CPU
		{09F2F6CB-AB6A-F435-9583-6FA51CFB7567}.Debug|Any CPU.ActiveCfg = Debug|Any CPU
		{09F2F6CB-AB6A-F435-9583-6FA51CFB7567}.Debug|Any CPU.Build.0 = Debug|Any CPU
		{09F2F6CB-AB6A-F435-9583-6FA51CFB7567}.Release|Any CPU.ActiveCfg = Release|Any CPU
		{09F2F6CB-AB6A-F435-9583-6FA51CFB7567}.Release|Any CPU.Build.0 = Release|Any CPU
		{7CCE7EB6-B65A-8C59-EB2A-0E9226A20E9E}.Debug|Any CPU.ActiveCfg = Debug|Any CPU
		{7CCE7EB6-B65A-8C59-EB2A-0E9226A20E9E}.Debug|Any CPU.Build.0 = Debug|Any CPU
		{7CCE7EB6-B65A-8C59-EB2A-0E9226A20E9E}.Release|Any CPU.ActiveCfg = Release|Any CPU
		{7CCE7EB6-B65A-8C59-EB2A-0E9226A20E9E}.Release|Any CPU.Build.0 = Release|Any CPU
	EndGlobalSection
	GlobalSection(SolutionProperties) = preSolution
		HideSolutionNode = FALSE
	EndGlobalSection
EndGlobal
