Microsoft Visual Studio Solution File, Format Version 12.00
# Visual Studio 14
Project("{8BC9CEB8-8B4A-11D0-8D11-00A0C91BC942}") = "ALL_BUILD", "ALL_BUILD.vcxproj", "{0F6204C0-0F9F-3154-A112-8A52379EFC97}"
	ProjectSection(ProjectDependencies) = postProject
		{48FFFCBE-6C3C-3730-ACFE-CB4F54D1BE76} = {48FFFCBE-6C3C-3730-ACFE-CB4F54D1BE76}
		{FF27214B-BB23-39CF-A6CF-49864B65A87B} = {FF27214B-BB23-39CF-A6CF-49864B65A87B}
	EndProjectSection
EndProject
Project("{8BC9CEB8-8B4A-11D0-8D11-00A0C91BC942}") = "ZERO_CHECK", "ZERO_CHECK.vcxproj", "{48FFFCBE-6C3C-3730-ACFE-CB4F54D1BE76}"
	ProjectSection(ProjectDependencies) = postProject
	EndProjectSection
EndProject
Project("{8BC9CEB8-8B4A-11D0-8D11-00A0C91BC942}") = "xlua", "xlua.vcxproj", "{FF27214B-BB23-39CF-A6CF-49864B65A87B}"
	ProjectSection(ProjectDependencies) = postProject
		{48FFFCBE-6C3C-3730-ACFE-CB4F54D1BE76} = {48FFFCBE-6C3C-3730-ACFE-CB4F54D1BE76}
	EndProjectSection
EndProject
Global
	GlobalSection(SolutionConfigurationPlatforms) = preSolution
		Debug|Win32 = Debug|Win32
		Release|Win32 = Release|Win32
		MinSizeRel|Win32 = MinSizeRel|Win32
		RelWithDebInfo|Win32 = RelWithDebInfo|Win32
	EndGlobalSection
	GlobalSection(ProjectConfigurationPlatforms) = postSolution
		{0F6204C0-0F9F-3154-A112-8A52379EFC97}.Debug|Win32.ActiveCfg = Debug|Win32
		{0F6204C0-0F9F-3154-A112-8A52379EFC97}.Release|Win32.ActiveCfg = Release|Win32
		{0F6204C0-0F9F-3154-A112-8A52379EFC97}.MinSizeRel|Win32.ActiveCfg = MinSizeRel|Win32
		{0F6204C0-0F9F-3154-A112-8A52379EFC97}.RelWithDebInfo|Win32.ActiveCfg = RelWithDebInfo|Win32
		{48FFFCBE-6C3C-3730-ACFE-CB4F54D1BE76}.Debug|Win32.ActiveCfg = Debug|Win32
		{48FFFCBE-6C3C-3730-ACFE-CB4F54D1BE76}.Debug|Win32.Build.0 = Debug|Win32
		{48FFFCBE-6C3C-3730-ACFE-CB4F54D1BE76}.Release|Win32.ActiveCfg = Release|Win32
		{48FFFCBE-6C3C-3730-ACFE-CB4F54D1BE76}.Release|Win32.Build.0 = Release|Win32
		{48FFFCBE-6C3C-3730-ACFE-CB4F54D1BE76}.MinSizeRel|Win32.ActiveCfg = MinSizeRel|Win32
		{48FFFCBE-6C3C-3730-ACFE-CB4F54D1BE76}.MinSizeRel|Win32.Build.0 = MinSizeRel|Win32
		{48FFFCBE-6C3C-3730-ACFE-CB4F54D1BE76}.RelWithDebInfo|Win32.ActiveCfg = RelWithDebInfo|Win32
		{48FFFCBE-6C3C-3730-ACFE-CB4F54D1BE76}.RelWithDebInfo|Win32.Build.0 = RelWithDebInfo|Win32
		{FF27214B-BB23-39CF-A6CF-49864B65A87B}.Debug|Win32.ActiveCfg = Debug|Win32
		{FF27214B-BB23-39CF-A6CF-49864B65A87B}.Debug|Win32.Build.0 = Debug|Win32
		{FF27214B-BB23-39CF-A6CF-49864B65A87B}.Release|Win32.ActiveCfg = Release|Win32
		{FF27214B-BB23-39CF-A6CF-49864B65A87B}.Release|Win32.Build.0 = Release|Win32
		{FF27214B-BB23-39CF-A6CF-49864B65A87B}.MinSizeRel|Win32.ActiveCfg = MinSizeRel|Win32
		{FF27214B-BB23-39CF-A6CF-49864B65A87B}.MinSizeRel|Win32.Build.0 = MinSizeRel|Win32
		{FF27214B-BB23-39CF-A6CF-49864B65A87B}.RelWithDebInfo|Win32.ActiveCfg = RelWithDebInfo|Win32
		{FF27214B-BB23-39CF-A6CF-49864B65A87B}.RelWithDebInfo|Win32.Build.0 = RelWithDebInfo|Win32
	EndGlobalSection
	GlobalSection(ExtensibilityGlobals) = postSolution
		SolutionGuid = {8900EC52-F2F9-3702-BDEA-996756F77EA7}
	EndGlobalSection
	GlobalSection(ExtensibilityAddIns) = postSolution
	EndGlobalSection
EndGlobal
